
Microsoft Visual Studio Solution File, Format Version 12.00
# Visual Studio Version 17
VisualStudioVersion = 17.4.33205.214
MinimumVisualStudioVersion = 10.0.40219.1
Project("{8BC9CEB8-8B4A-11D0-8D11-00A0C91BC942}") = "Bullet Hell", "Bullet Hell.vcxproj", "{3C316F7D-DFD3-4229-BCF5-FE0341737F30}"
EndProject
Global
	GlobalSection(SolutionConfigurationPlatforms) = preSolution
		Debug|x64 = Debug|x64
		Debug|x86 = Debug|x86
		Release|x64 = Release|x64
		Release|x86 = Release|x86
	EndGlobalSection
	GlobalSection(ProjectConfigurationPlatforms) = postSolution
		{3C316F7D-DFD3-4229-BCF5-FE0341737F30}.Debug|x64.ActiveCfg = Debug|x64
		{3C316F7D-DFD3-4229-BCF5-FE0341737F30}.Debug|x64.Build.0 = Debug|x64
		{3C316F7D-DFD3-4229-BCF5-FE0341737F30}.Debug|x86.ActiveCfg = Debug|Win32
		{3C316F7D-DFD3-4229-BCF5-FE0341737F30}.Debug|x86.Build.0 = Debug|Win32
		{3C316F7D-DFD3-4229-BCF5-FE0341737F30}.Release|x64.ActiveCfg = Release|x64
		{3C316F7D-DFD3-4229-BCF5-FE0341737F30}.Release|x64.Build.0 = Release|x64
		{3C316F7D-DFD3-4229-BCF5-FE0341737F30}.Release|x86.ActiveCfg = Release|Win32
		{3C316F7D-DFD3-4229-BCF5-FE0341737F30}.Release|x86.Build.0 = Release|Win32
	EndGlobalSection
	GlobalSection(SolutionProperties) = preSolution
		HideSolutionNode = FALSE
	EndGlobalSection
	GlobalSection(ExtensibilityGlobals) = postSolution
		SolutionGuid = {230CD980-EBC4-4AD3-877C-4FFB739365C8}
	EndGlobalSection
EndGlobal
